
Microsoft Visual Studio Solution File, Format Version 12.00
# Visual Studio 15
VisualStudioVersion = 15.0.27428.2027
MinimumVisualStudioVersion = 10.0.40219.1
Project("{FAE04EC0-301F-11D3-BF4B-00C04F79EFBC}") = "KommandoBogApp", "KommandoBogApp\KommandoBogApp.csproj", "{ECD8F455-F265-4474-9A24-62713697E6FD}"
EndProject
Project("{FAE04EC0-301F-11D3-BF4B-00C04F79EFBC}") = "DBConnector", "DBConnector\DBConnector.csproj", "{30EC7881-75A7-41BC-9A0A-D5FCF3A3A8CA}"
EndProject
Global
	GlobalSection(SolutionConfigurationPlatforms) = preSolution
		Debug|Any CPU = Debug|Any CPU
		Debug|ARM = Debug|ARM
		Debug|x64 = Debug|x64
		Debug|x86 = Debug|x86
		Release|Any CPU = Release|Any CPU
		Release|ARM = Release|ARM
		Release|x64 = Release|x64
		Release|x86 = Release|x86
	EndGlobalSection
	GlobalSection(ProjectConfigurationPlatforms) = postSolution
		{ECD8F455-F265-4474-9A24-62713697E6FD}.Debug|Any CPU.ActiveCfg = Debug|x86
		{ECD8F455-F265-4474-9A24-62713697E6FD}.Debug|ARM.ActiveCfg = Debug|ARM
		{ECD8F455-F265-4474-9A24-62713697E6FD}.Debug|ARM.Build.0 = Debug|ARM
		{ECD8F455-F265-4474-9A24-62713697E6FD}.Debug|ARM.Deploy.0 = Debug|ARM
		{ECD8F455-F265-4474-9A24-62713697E6FD}.Debug|x64.ActiveCfg = Debug|x64
		{ECD8F455-F265-4474-9A24-62713697E6FD}.Debug|x64.Build.0 = Debug|x64
		{ECD8F455-F265-4474-9A24-62713697E6FD}.Debug|x64.Deploy.0 = Debug|x64
		{ECD8F455-F265-4474-9A24-62713697E6FD}.Debug|x86.ActiveCfg = Debug|x86
		{ECD8F455-F265-4474-9A24-62713697E6FD}.Debug|x86.Build.0 = Debug|x86
		{ECD8F455-F265-4474-9A24-62713697E6FD}.Debug|x86.Deploy.0 = Debug|x86
		{ECD8F455-F265-4474-9A24-62713697E6FD}.Release|Any CPU.ActiveCfg = Release|x86
		{ECD8F455-F265-4474-9A24-62713697E6FD}.Release|ARM.ActiveCfg = Release|ARM
		{ECD8F455-F265-4474-9A24-62713697E6FD}.Release|ARM.Build.0 = Release|ARM
		{ECD8F455-F265-4474-9A24-62713697E6FD}.Release|ARM.Deploy.0 = Release|ARM
		{ECD8F455-F265-4474-9A24-62713697E6FD}.Release|x64.ActiveCfg = Release|x64
		{ECD8F455-F265-4474-9A24-62713697E6FD}.Release|x64.Build.0 = Release|x64
		{ECD8F455-F265-4474-9A24-62713697E6FD}.Release|x64.Deploy.0 = Release|x64
		{ECD8F455-F265-4474-9A24-62713697E6FD}.Release|x86.ActiveCfg = Release|x86
		{ECD8F455-F265-4474-9A24-62713697E6FD}.Release|x86.Build.0 = Release|x86
		{ECD8F455-F265-4474-9A24-62713697E6FD}.Release|x86.Deploy.0 = Release|x86
		{30EC7881-75A7-41BC-9A0A-D5FCF3A3A8CA}.Debug|Any CPU.ActiveCfg = Debug|Any CPU
		{30EC7881-75A7-41BC-9A0A-D5FCF3A3A8CA}.Debug|Any CPU.Build.0 = Debug|Any CPU
		{30EC7881-75A7-41BC-9A0A-D5FCF3A3A8CA}.Debug|ARM.ActiveCfg = Debug|Any CPU
		{30EC7881-75A7-41BC-9A0A-D5FCF3A3A8CA}.Debug|ARM.Build.0 = Debug|Any CPU
		{30EC7881-75A7-41BC-9A0A-D5FCF3A3A8CA}.Debug|x64.ActiveCfg = Debug|Any CPU
		{30EC7881-75A7-41BC-9A0A-D5FCF3A3A8CA}.Debug|x64.Build.0 = Debug|Any CPU
		{30EC7881-75A7-41BC-9A0A-D5FCF3A3A8CA}.Debug|x86.ActiveCfg = Debug|Any CPU
		{30EC7881-75A7-41BC-9A0A-D5FCF3A3A8CA}.Debug|x86.Build.0 = Debug|Any CPU
		{30EC7881-75A7-41BC-9A0A-D5FCF3A3A8CA}.Release|Any CPU.ActiveCfg = Release|Any CPU
		{30EC7881-75A7-41BC-9A0A-D5FCF3A3A8CA}.Release|Any CPU.Build.0 = Release|Any CPU
		{30EC7881-75A7-41BC-9A0A-D5FCF3A3A8CA}.Release|ARM.ActiveCfg = Release|Any CPU
		{30EC7881-75A7-41BC-9A0A-D5FCF3A3A8CA}.Release|ARM.Build.0 = Release|Any CPU
		{30EC7881-75A7-41BC-9A0A-D5FCF3A3A8CA}.Release|x64.ActiveCfg = Release|Any CPU
		{30EC7881-75A7-41BC-9A0A-D5FCF3A3A8CA}.Release|x64.Build.0 = Release|Any CPU
		{30EC7881-75A7-41BC-9A0A-D5FCF3A3A8CA}.Release|x86.ActiveCfg = Release|Any CPU
		{30EC7881-75A7-41BC-9A0A-D5FCF3A3A8CA}.Release|x86.Build.0 = Release|Any CPU
	EndGlobalSection
	GlobalSection(SolutionProperties) = preSolution
		HideSolutionNode = FALSE
	EndGlobalSection
	GlobalSection(ExtensibilityGlobals) = postSolution
		SolutionGuid = {15DDF3AD-351A-4421-98B5-3EE5457535F6}
	EndGlobalSection
EndGlobal
